
Microsoft Visual Studio Solution File, Format Version 12.00
# Visual Studio 15
VisualStudioVersion = 15.0.27130.2036
MinimumVisualStudioVersion = 10.0.40219.1
Project("{FAE04EC0-301F-11D3-BF4B-00C04F79EFBC}") = "AsyncSocketClientApp", "AsyncSocketClientApp\AsyncSocketClientApp.csproj", "{E93FE672-2F76-4205-88F9-8A968FC21D8D}"
EndProject
Project("{FAE04EC0-301F-11D3-BF4B-00C04F79EFBC}") = "AsyncSocketLib", "AsyncSocketLib\AsyncSocketLib.csproj", "{7FCC7291-EE0B-407C-9C22-DCE9EE29EE74}"
EndProject
Global
	GlobalSection(SolutionConfigurationPlatforms) = preSolution
		Debug|Any CPU = Debug|Any CPU
		Release|Any CPU = Release|Any CPU
	EndGlobalSection
	GlobalSection(ProjectConfigurationPlatforms) = postSolution
		{E93FE672-2F76-4205-88F9-8A968FC21D8D}.Debug|Any CPU.ActiveCfg = Debug|Any CPU
		{E93FE672-2F76-4205-88F9-8A968FC21D8D}.Debug|Any CPU.Build.0 = Debug|Any CPU
		{E93FE672-2F76-4205-88F9-8A968FC21D8D}.Release|Any CPU.ActiveCfg = Release|Any CPU
		{E93FE672-2F76-4205-88F9-8A968FC21D8D}.Release|Any CPU.Build.0 = Release|Any CPU
		{7FCC7291-EE0B-407C-9C22-DCE9EE29EE74}.Debug|Any CPU.ActiveCfg = Debug|Any CPU
		{7FCC7291-EE0B-407C-9C22-DCE9EE29EE74}.Debug|Any CPU.Build.0 = Debug|Any CPU
		{7FCC7291-EE0B-407C-9C22-DCE9EE29EE74}.Release|Any CPU.ActiveCfg = Release|Any CPU
		{7FCC7291-EE0B-407C-9C22-DCE9EE29EE74}.Release|Any CPU.Build.0 = Release|Any CPU
	EndGlobalSection
	GlobalSection(SolutionProperties) = preSolution
		HideSolutionNode = FALSE
	EndGlobalSection
	GlobalSection(ExtensibilityGlobals) = postSolution
		SolutionGuid = {0D50BD4E-CFCA-48B6-844D-13697C73A33B}
	EndGlobalSection
EndGlobal
